
Microsoft Visual Studio Solution File, Format Version 12.00
# Visual Studio 2013
VisualStudioVersion = 12.0.31101.0
MinimumVisualStudioVersion = 10.0.40219.1
Project("{FAE04EC0-301F-11D3-BF4B-00C04F79EFBC}") = "FlyLight", "FlyLight\FlyLight\FlyLight.csproj", "{D8EE5A68-8609-44D3-8BB2-348002F796F6}"
EndProject
Project("{2150E333-8FDC-42A3-9474-1A3956D46DE8}") = ".nuget", ".nuget", "{E3ABAE70-F07A-401D-8FE4-D8F2306187C1}"
	ProjectSection(SolutionItems) = preProject
		.nuget\NuGet.Config = .nuget\NuGet.Config
		.nuget\NuGet.exe = .nuget\NuGet.exe
		.nuget\NuGet.targets = .nuget\NuGet.targets
	EndProjectSection
EndProject
Project("{FAE04EC0-301F-11D3-BF4B-00C04F79EFBC}") = "Tests", "Tests\Tests.csproj", "{556C3BFB-4250-405D-B73C-9B58CD9844B1}"
EndProject
Project("{FAE04EC0-301F-11D3-BF4B-00C04F79EFBC}") = "FlyLight.WindowsPhone", "FlyLight.WindowsPhone\FlyLight.WindowsPhone.csproj", "{729D01E0-67EA-4255-A824-D46A8C636712}"
EndProject
Global
	GlobalSection(SolutionConfigurationPlatforms) = preSolution
		Ad-Hoc|Any CPU = Ad-Hoc|Any CPU
		Ad-Hoc|ARM = Ad-Hoc|ARM
		Ad-Hoc|iPhone = Ad-Hoc|iPhone
		Ad-Hoc|iPhoneSimulator = Ad-Hoc|iPhoneSimulator
		Ad-Hoc|Mixed Platforms = Ad-Hoc|Mixed Platforms
		Ad-Hoc|x64 = Ad-Hoc|x64
		Ad-Hoc|x86 = Ad-Hoc|x86
		AppStore|Any CPU = AppStore|Any CPU
		AppStore|ARM = AppStore|ARM
		AppStore|iPhone = AppStore|iPhone
		AppStore|iPhoneSimulator = AppStore|iPhoneSimulator
		AppStore|Mixed Platforms = AppStore|Mixed Platforms
		AppStore|x64 = AppStore|x64
		AppStore|x86 = AppStore|x86
		Debug|Any CPU = Debug|Any CPU
		Debug|ARM = Debug|ARM
		Debug|iPhone = Debug|iPhone
		Debug|iPhoneSimulator = Debug|iPhoneSimulator
		Debug|Mixed Platforms = Debug|Mixed Platforms
		Debug|x64 = Debug|x64
		Debug|x86 = Debug|x86
		Release|Any CPU = Release|Any CPU
		Release|ARM = Release|ARM
		Release|iPhone = Release|iPhone
		Release|iPhoneSimulator = Release|iPhoneSimulator
		Release|Mixed Platforms = Release|Mixed Platforms
		Release|x64 = Release|x64
		Release|x86 = Release|x86
	EndGlobalSection
	GlobalSection(ProjectConfigurationPlatforms) = postSolution
		{D8EE5A68-8609-44D3-8BB2-348002F796F6}.Ad-Hoc|Any CPU.ActiveCfg = Release|Any CPU
		{D8EE5A68-8609-44D3-8BB2-348002F796F6}.Ad-Hoc|Any CPU.Build.0 = Release|Any CPU
		{D8EE5A68-8609-44D3-8BB2-348002F796F6}.Ad-Hoc|ARM.ActiveCfg = Release|Any CPU
		{D8EE5A68-8609-44D3-8BB2-348002F796F6}.Ad-Hoc|iPhone.ActiveCfg = Release|Any CPU
		{D8EE5A68-8609-44D3-8BB2-348002F796F6}.Ad-Hoc|iPhoneSimulator.ActiveCfg = Release|Any CPU
		{D8EE5A68-8609-44D3-8BB2-348002F796F6}.Ad-Hoc|Mixed Platforms.ActiveCfg = Release|Any CPU
		{D8EE5A68-8609-44D3-8BB2-348002F796F6}.Ad-Hoc|Mixed Platforms.Build.0 = Release|Any CPU
		{D8EE5A68-8609-44D3-8BB2-348002F796F6}.Ad-Hoc|x64.ActiveCfg = Debug|Any CPU
		{D8EE5A68-8609-44D3-8BB2-348002F796F6}.Ad-Hoc|x86.ActiveCfg = Release|Any CPU
		{D8EE5A68-8609-44D3-8BB2-348002F796F6}.AppStore|Any CPU.ActiveCfg = Release|Any CPU
		{D8EE5A68-8609-44D3-8BB2-348002F796F6}.AppStore|Any CPU.Build.0 = Release|Any CPU
		{D8EE5A68-8609-44D3-8BB2-348002F796F6}.AppStore|ARM.ActiveCfg = Release|Any CPU
		{D8EE5A68-8609-44D3-8BB2-348002F796F6}.AppStore|iPhone.ActiveCfg = Release|Any CPU
		{D8EE5A68-8609-44D3-8BB2-348002F796F6}.AppStore|iPhoneSimulator.ActiveCfg = Release|Any CPU
		{D8EE5A68-8609-44D3-8BB2-348002F796F6}.AppStore|Mixed Platforms.ActiveCfg = Release|Any CPU
		{D8EE5A68-8609-44D3-8BB2-348002F796F6}.AppStore|Mixed Platforms.Build.0 = Release|Any CPU
		{D8EE5A68-8609-44D3-8BB2-348002F796F6}.AppStore|x64.ActiveCfg = Debug|Any CPU
		{D8EE5A68-8609-44D3-8BB2-348002F796F6}.AppStore|x86.ActiveCfg = Release|Any CPU
		{D8EE5A68-8609-44D3-8BB2-348002F796F6}.Debug|Any CPU.ActiveCfg = Debug|Any CPU
		{D8EE5A68-8609-44D3-8BB2-348002F796F6}.Debug|Any CPU.Build.0 = Debug|Any CPU
		{D8EE5A68-8609-44D3-8BB2-348002F796F6}.Debug|ARM.ActiveCfg = Debug|Any CPU
		{D8EE5A68-8609-44D3-8BB2-348002F796F6}.Debug|iPhone.ActiveCfg = Debug|Any CPU
		{D8EE5A68-8609-44D3-8BB2-348002F796F6}.Debug|iPhoneSimulator.ActiveCfg = Debug|Any CPU
		{D8EE5A68-8609-44D3-8BB2-348002F796F6}.Debug|Mixed Platforms.ActiveCfg = Debug|Any CPU
		{D8EE5A68-8609-44D3-8BB2-348002F796F6}.Debug|Mixed Platforms.Build.0 = Debug|Any CPU
		{D8EE5A68-8609-44D3-8BB2-348002F796F6}.Debug|x64.ActiveCfg = Debug|Any CPU
		{D8EE5A68-8609-44D3-8BB2-348002F796F6}.Debug|x86.ActiveCfg = Debug|Any CPU
		{D8EE5A68-8609-44D3-8BB2-348002F796F6}.Release|Any CPU.ActiveCfg = Release|Any CPU
		{D8EE5A68-8609-44D3-8BB2-348002F796F6}.Release|Any CPU.Build.0 = Release|Any CPU
		{D8EE5A68-8609-44D3-8BB2-348002F796F6}.Release|ARM.ActiveCfg = Release|Any CPU
		{D8EE5A68-8609-44D3-8BB2-348002F796F6}.Release|iPhone.ActiveCfg = Release|Any CPU
		{D8EE5A68-8609-44D3-8BB2-348002F796F6}.Release|iPhoneSimulator.ActiveCfg = Release|Any CPU
		{D8EE5A68-8609-44D3-8BB2-348002F796F6}.Release|Mixed Platforms.ActiveCfg = Release|Any CPU
		{D8EE5A68-8609-44D3-8BB2-348002F796F6}.Release|Mixed Platforms.Build.0 = Release|Any CPU
		{D8EE5A68-8609-44D3-8BB2-348002F796F6}.Release|x64.ActiveCfg = Release|Any CPU
		{D8EE5A68-8609-44D3-8BB2-348002F796F6}.Release|x86.ActiveCfg = Release|Any CPU
		{556C3BFB-4250-405D-B73C-9B58CD9844B1}.Ad-Hoc|Any CPU.ActiveCfg = Release|Any CPU
		{556C3BFB-4250-405D-B73C-9B58CD9844B1}.Ad-Hoc|Any CPU.Build.0 = Release|Any CPU
		{556C3BFB-4250-405D-B73C-9B58CD9844B1}.Ad-Hoc|ARM.ActiveCfg = Release|Any CPU
		{556C3BFB-4250-405D-B73C-9B58CD9844B1}.Ad-Hoc|iPhone.ActiveCfg = Release|Any CPU
		{556C3BFB-4250-405D-B73C-9B58CD9844B1}.Ad-Hoc|iPhoneSimulator.ActiveCfg = Release|Any CPU
		{556C3BFB-4250-405D-B73C-9B58CD9844B1}.Ad-Hoc|Mixed Platforms.ActiveCfg = Release|Any CPU
		{556C3BFB-4250-405D-B73C-9B58CD9844B1}.Ad-Hoc|Mixed Platforms.Build.0 = Release|Any CPU
		{556C3BFB-4250-405D-B73C-9B58CD9844B1}.Ad-Hoc|x64.ActiveCfg = Debug|Any CPU
		{556C3BFB-4250-405D-B73C-9B58CD9844B1}.Ad-Hoc|x86.ActiveCfg = Release|Any CPU
		{556C3BFB-4250-405D-B73C-9B58CD9844B1}.AppStore|Any CPU.ActiveCfg = Release|Any CPU
		{556C3BFB-4250-405D-B73C-9B58CD9844B1}.AppStore|Any CPU.Build.0 = Release|Any CPU
		{556C3BFB-4250-405D-B73C-9B58CD9844B1}.AppStore|ARM.ActiveCfg = Release|Any CPU
		{556C3BFB-4250-405D-B73C-9B58CD9844B1}.AppStore|iPhone.ActiveCfg = Release|Any CPU
		{556C3BFB-4250-405D-B73C-9B58CD9844B1}.AppStore|iPhoneSimulator.ActiveCfg = Release|Any CPU
		{556C3BFB-4250-405D-B73C-9B58CD9844B1}.AppStore|Mixed Platforms.ActiveCfg = Release|Any CPU
		{556C3BFB-4250-405D-B73C-9B58CD9844B1}.AppStore|Mixed Platforms.Build.0 = Release|Any CPU
		{556C3BFB-4250-405D-B73C-9B58CD9844B1}.AppStore|x64.ActiveCfg = Debug|Any CPU
		{556C3BFB-4250-405D-B73C-9B58CD9844B1}.AppStore|x86.ActiveCfg = Release|Any CPU
		{556C3BFB-4250-405D-B73C-9B58CD9844B1}.Debug|Any CPU.ActiveCfg = Debug|Any CPU
		{556C3BFB-4250-405D-B73C-9B58CD9844B1}.Debug|Any CPU.Build.0 = Debug|Any CPU
		{556C3BFB-4250-405D-B73C-9B58CD9844B1}.Debug|ARM.ActiveCfg = Debug|Any CPU
		{556C3BFB-4250-405D-B73C-9B58CD9844B1}.Debug|iPhone.ActiveCfg = Debug|Any CPU
		{556C3BFB-4250-405D-B73C-9B58CD9844B1}.Debug|iPhoneSimulator.ActiveCfg = Debug|Any CPU
		{556C3BFB-4250-405D-B73C-9B58CD9844B1}.Debug|Mixed Platforms.ActiveCfg = Debug|Any CPU
		{556C3BFB-4250-405D-B73C-9B58CD9844B1}.Debug|Mixed Platforms.Build.0 = Debug|Any CPU
		{556C3BFB-4250-405D-B73C-9B58CD9844B1}.Debug|x64.ActiveCfg = Debug|Any CPU
		{556C3BFB-4250-405D-B73C-9B58CD9844B1}.Debug|x86.ActiveCfg = Debug|Any CPU
		{556C3BFB-4250-405D-B73C-9B58CD9844B1}.Release|Any CPU.ActiveCfg = Release|Any CPU
		{556C3BFB-4250-405D-B73C-9B58CD9844B1}.Release|Any CPU.Build.0 = Release|Any CPU
		{556C3BFB-4250-405D-B73C-9B58CD9844B1}.Release|ARM.ActiveCfg = Release|Any CPU
		{556C3BFB-4250-405D-B73C-9B58CD9844B1}.Release|iPhone.ActiveCfg = Release|Any CPU
		{556C3BFB-4250-405D-B73C-9B58CD9844B1}.Release|iPhoneSimulator.ActiveCfg = Release|Any CPU
		{556C3BFB-4250-405D-B73C-9B58CD9844B1}.Release|Mixed Platforms.ActiveCfg = Release|Any CPU
		{556C3BFB-4250-405D-B73C-9B58CD9844B1}.Release|Mixed Platforms.Build.0 = Release|Any CPU
		{556C3BFB-4250-405D-B73C-9B58CD9844B1}.Release|x64.ActiveCfg = Release|Any CPU
		{556C3BFB-4250-405D-B73C-9B58CD9844B1}.Release|x86.ActiveCfg = Release|Any CPU
		{729D01E0-67EA-4255-A824-D46A8C636712}.Ad-Hoc|Any CPU.ActiveCfg = Release|Any CPU
		{729D01E0-67EA-4255-A824-D46A8C636712}.Ad-Hoc|Any CPU.Build.0 = Release|Any CPU
		{729D01E0-67EA-4255-A824-D46A8C636712}.Ad-Hoc|Any CPU.Deploy.0 = Release|Any CPU
		{729D01E0-67EA-4255-A824-D46A8C636712}.Ad-Hoc|ARM.ActiveCfg = Release|ARM
		{729D01E0-67EA-4255-A824-D46A8C636712}.Ad-Hoc|ARM.Build.0 = Release|ARM
		{729D01E0-67EA-4255-A824-D46A8C636712}.Ad-Hoc|ARM.Deploy.0 = Release|ARM
		{729D01E0-67EA-4255-A824-D46A8C636712}.Ad-Hoc|iPhone.ActiveCfg = Release|Any CPU
		{729D01E0-67EA-4255-A824-D46A8C636712}.Ad-Hoc|iPhoneSimulator.ActiveCfg = Release|Any CPU
		{729D01E0-67EA-4255-A824-D46A8C636712}.Ad-Hoc|Mixed Platforms.ActiveCfg = Release|x86
		{729D01E0-67EA-4255-A824-D46A8C636712}.Ad-Hoc|Mixed Platforms.Build.0 = Release|x86
		{729D01E0-67EA-4255-A824-D46A8C636712}.Ad-Hoc|Mixed Platforms.Deploy.0 = Release|x86
		{729D01E0-67EA-4255-A824-D46A8C636712}.Ad-Hoc|x64.ActiveCfg = Release|Any CPU
		{729D01E0-67EA-4255-A824-D46A8C636712}.Ad-Hoc|x86.ActiveCfg = Release|x86
		{729D01E0-67EA-4255-A824-D46A8C636712}.Ad-Hoc|x86.Build.0 = Release|x86
		{729D01E0-67EA-4255-A824-D46A8C636712}.Ad-Hoc|x86.Deploy.0 = Release|x86
		{729D01E0-67EA-4255-A824-D46A8C636712}.AppStore|Any CPU.ActiveCfg = Release|Any CPU
		{729D01E0-67EA-4255-A824-D46A8C636712}.AppStore|Any CPU.Build.0 = Release|Any CPU
		{729D01E0-67EA-4255-A824-D46A8C636712}.AppStore|Any CPU.Deploy.0 = Release|Any CPU
		{729D01E0-67EA-4255-A824-D46A8C636712}.AppStore|ARM.ActiveCfg = Release|ARM
		{729D01E0-67EA-4255-A824-D46A8C636712}.AppStore|ARM.Build.0 = Release|ARM
		{729D01E0-67EA-4255-A824-D46A8C636712}.AppStore|ARM.Deploy.0 = Release|ARM
		{729D01E0-67EA-4255-A824-D46A8C636712}.AppStore|iPhone.ActiveCfg = Release|Any CPU
		{729D01E0-67EA-4255-A824-D46A8C636712}.AppStore|iPhoneSimulator.ActiveCfg = Release|Any CPU
		{729D01E0-67EA-4255-A824-D46A8C636712}.AppStore|Mixed Platforms.ActiveCfg = Release|x86
		{729D01E0-67EA-4255-A824-D46A8C636712}.AppStore|Mixed Platforms.Build.0 = Release|x86
		{729D01E0-67EA-4255-A824-D46A8C636712}.AppStore|Mixed Platforms.Deploy.0 = Release|x86
		{729D01E0-67EA-4255-A824-D46A8C636712}.AppStore|x64.ActiveCfg = Release|Any CPU
		{729D01E0-67EA-4255-A824-D46A8C636712}.AppStore|x86.ActiveCfg = Release|x86
		{729D01E0-67EA-4255-A824-D46A8C636712}.AppStore|x86.Build.0 = Release|x86
		{729D01E0-67EA-4255-A824-D46A8C636712}.AppStore|x86.Deploy.0 = Release|x86
		{729D01E0-67EA-4255-A824-D46A8C636712}.Debug|Any CPU.ActiveCfg = Debug|Any CPU
		{729D01E0-67EA-4255-A824-D46A8C636712}.Debug|Any CPU.Build.0 = Debug|Any CPU
		{729D01E0-67EA-4255-A824-D46A8C636712}.Debug|Any CPU.Deploy.0 = Debug|Any CPU
		{729D01E0-67EA-4255-A824-D46A8C636712}.Debug|ARM.ActiveCfg = Debug|ARM
		{729D01E0-67EA-4255-A824-D46A8C636712}.Debug|ARM.Build.0 = Debug|ARM
		{729D01E0-67EA-4255-A824-D46A8C636712}.Debug|ARM.Deploy.0 = Debug|ARM
		{729D01E0-67EA-4255-A824-D46A8C636712}.Debug|iPhone.ActiveCfg = Debug|Any CPU
		{729D01E0-67EA-4255-A824-D46A8C636712}.Debug|iPhoneSimulator.ActiveCfg = Debug|Any CPU
		{729D01E0-67EA-4255-A824-D46A8C636712}.Debug|Mixed Platforms.ActiveCfg = Debug|x86
		{729D01E0-67EA-4255-A824-D46A8C636712}.Debug|Mixed Platforms.Build.0 = Debug|x86
		{729D01E0-67EA-4255-A824-D46A8C636712}.Debug|Mixed Platforms.Deploy.0 = Debug|x86
		{729D01E0-67EA-4255-A824-D46A8C636712}.Debug|x64.ActiveCfg = Debug|Any CPU
		{729D01E0-67EA-4255-A824-D46A8C636712}.Debug|x86.ActiveCfg = Debug|x86
		{729D01E0-67EA-4255-A824-D46A8C636712}.Debug|x86.Build.0 = Debug|x86
		{729D01E0-67EA-4255-A824-D46A8C636712}.Debug|x86.Deploy.0 = Debug|x86
		{729D01E0-67EA-4255-A824-D46A8C636712}.Release|Any CPU.ActiveCfg = Release|Any CPU
		{729D01E0-67EA-4255-A824-D46A8C636712}.Release|Any CPU.Build.0 = Release|Any CPU
		{729D01E0-67EA-4255-A824-D46A8C636712}.Release|Any CPU.Deploy.0 = Release|Any CPU
		{729D01E0-67EA-4255-A824-D46A8C636712}.Release|ARM.ActiveCfg = Release|ARM
		{729D01E0-67EA-4255-A824-D46A8C636712}.Release|ARM.Build.0 = Release|ARM
		{729D01E0-67EA-4255-A824-D46A8C636712}.Release|ARM.Deploy.0 = Release|ARM
		{729D01E0-67EA-4255-A824-D46A8C636712}.Release|iPhone.ActiveCfg = Release|Any CPU
		{729D01E0-67EA-4255-A824-D46A8C636712}.Release|iPhoneSimulator.ActiveCfg = Release|Any CPU
		{729D01E0-67EA-4255-A824-D46A8C636712}.Release|Mixed Platforms.ActiveCfg = Release|x86
		{729D01E0-67EA-4255-A824-D46A8C636712}.Release|Mixed Platforms.Build.0 = Release|x86
		{729D01E0-67EA-4255-A824-D46A8C636712}.Release|Mixed Platforms.Deploy.0 = Release|x86
		{729D01E0-67EA-4255-A824-D46A8C636712}.Release|x64.ActiveCfg = Release|Any CPU
		{729D01E0-67EA-4255-A824-D46A8C636712}.Release|x86.ActiveCfg = Release|x86
		{729D01E0-67EA-4255-A824-D46A8C636712}.Release|x86.Build.0 = Release|x86
		{729D01E0-67EA-4255-A824-D46A8C636712}.Release|x86.Deploy.0 = Release|x86
	EndGlobalSection
	GlobalSection(SolutionProperties) = preSolution
		HideSolutionNode = FALSE
	EndGlobalSection
EndGlobal
